
Microsoft Visual Studio Solution File, Format Version 12.00
# Visual Studio Version 16
VisualStudioVersion = 16.0.31515.178
MinimumVisualStudioVersion = 10.0.40219.1
Project("{8BC9CEB8-8B4A-11D0-8D11-00A0C91BC942}") = "guppy_cc_vs2019", "guppy_cc_vs2019\guppy_cc_vs2019.vcxproj", "{172D034D-5A75-4A60-94C1-048FE98D8115}"
EndProject
Global
	GlobalSection(SolutionConfigurationPlatforms) = preSolution
		Debug|x64 = Debug|x64
		Release|x64 = Release|x64
	EndGlobalSection
	GlobalSection(ProjectConfigurationPlatforms) = postSolution
		{172D034D-5A75-4A60-94C1-048FE98D8115}.Debug|x64.ActiveCfg = Debug|x64
		{172D034D-5A75-4A60-94C1-048FE98D8115}.Debug|x64.Build.0 = Debug|x64
		{172D034D-5A75-4A60-94C1-048FE98D8115}.Release|x64.ActiveCfg = Release|x64
		{172D034D-5A75-4A60-94C1-048FE98D8115}.Release|x64.Build.0 = Release|x64
	EndGlobalSection
	GlobalSection(SolutionProperties) = preSolution
		HideSolutionNode = FALSE
	EndGlobalSection
	GlobalSection(ExtensibilityGlobals) = postSolution
		SolutionGuid = {4ECF7C32-55F9-4840-A6B7-88B6B040563E}
	EndGlobalSection
EndGlobal
